
Microsoft Visual Studio Solution File, Format Version 12.00
# Visual Studio 2013
VisualStudioVersion = 12.0.31101.0
MinimumVisualStudioVersion = 10.0.40219.1
Project("{FAE04EC0-301F-11D3-BF4B-00C04F79EFBC}") = "Sitecore.FakeDb", "Sitecore.FakeDb\Sitecore.FakeDb.csproj", "{B1B3C599-9284-4653-9F22-FD0F726984BB}"
EndProject
Project("{FAE04EC0-301F-11D3-BF4B-00C04F79EFBC}") = "Sitecore.FakeDb.Tests", "Sitecore.FakeDb.Tests\Sitecore.FakeDb.Tests.csproj", "{D7EE44EE-1306-4EB6-9514-471905AAA493}"
EndProject
Project("{2150E333-8FDC-42A3-9474-1A3956D46DE8}") = ".nuget", ".nuget", "{6F1BFD2B-BEDA-4050-919D-4B52106C4A6B}"
	ProjectSection(SolutionItems) = preProject
		.nuget\packages.config = .nuget\packages.config
	EndProjectSection
EndProject
Project("{FAE04EC0-301F-11D3-BF4B-00C04F79EFBC}") = "Sitecore.FakeDb.NSubstitute", "Sitecore.FakeDb.NSubstitute\Sitecore.FakeDb.NSubstitute.csproj", "{A18A0482-9918-4AB7-9991-E2909E98D1C3}"
EndProject
Project("{FAE04EC0-301F-11D3-BF4B-00C04F79EFBC}") = "Sitecore.FakeDb.NSubstitute.Tests", "Sitecore.FakeDb.NSubstitute.Tests\Sitecore.FakeDb.NSubstitute.Tests.csproj", "{792EFC20-811C-44B3-9C93-C3BDE717AEC7}"
EndProject
Project("{2150E333-8FDC-42A3-9474-1A3956D46DE8}") = "Solution Items", "Solution Items", "{E24F52C4-35D6-40A9-99A8-8F99B6E77B69}"
	ProjectSection(SolutionItems) = preProject
		..\CHANGELOG.md = ..\CHANGELOG.md
		..\README.md = ..\README.md
	EndProjectSection
EndProject
Project("{FAE04EC0-301F-11D3-BF4B-00C04F79EFBC}") = "Sitecore.FakeDb.Serialization", "Sitecore.FakeDb.Serialization\Sitecore.FakeDb.Serialization.csproj", "{8958B567-7955-4714-B3A8-BCFB43B0A588}"
EndProject
Project("{FAE04EC0-301F-11D3-BF4B-00C04F79EFBC}") = "Sitecore.FakeDb.Serialization.Tests", "Sitecore.FakeDb.Serialization.Tests\Sitecore.FakeDb.Serialization.Tests.csproj", "{FD78101C-A600-4962-B425-5BA86AB3DD41}"
EndProject
Project("{2150E333-8FDC-42A3-9474-1A3956D46DE8}") = "build", "build", "{61B65D79-BB0C-4A89-A410-E5C90A646ED6}"
	ProjectSection(SolutionItems) = preProject
		..\build.config = ..\build.config
		..\build.msbuild = ..\build.msbuild
	EndProjectSection
EndProject
Global
	GlobalSection(SolutionConfigurationPlatforms) = preSolution
		Debug|Any CPU = Debug|Any CPU
		Release|Any CPU = Release|Any CPU
	EndGlobalSection
	GlobalSection(ProjectConfigurationPlatforms) = postSolution
		{B1B3C599-9284-4653-9F22-FD0F726984BB}.Debug|Any CPU.ActiveCfg = Debug|Any CPU
		{B1B3C599-9284-4653-9F22-FD0F726984BB}.Debug|Any CPU.Build.0 = Debug|Any CPU
		{B1B3C599-9284-4653-9F22-FD0F726984BB}.Release|Any CPU.ActiveCfg = Release|Any CPU
		{B1B3C599-9284-4653-9F22-FD0F726984BB}.Release|Any CPU.Build.0 = Release|Any CPU
		{D7EE44EE-1306-4EB6-9514-471905AAA493}.Debug|Any CPU.ActiveCfg = Debug|Any CPU
		{D7EE44EE-1306-4EB6-9514-471905AAA493}.Debug|Any CPU.Build.0 = Debug|Any CPU
		{D7EE44EE-1306-4EB6-9514-471905AAA493}.Release|Any CPU.ActiveCfg = Release|Any CPU
		{D7EE44EE-1306-4EB6-9514-471905AAA493}.Release|Any CPU.Build.0 = Release|Any CPU
		{A18A0482-9918-4AB7-9991-E2909E98D1C3}.Debug|Any CPU.ActiveCfg = Debug|Any CPU
		{A18A0482-9918-4AB7-9991-E2909E98D1C3}.Debug|Any CPU.Build.0 = Debug|Any CPU
		{A18A0482-9918-4AB7-9991-E2909E98D1C3}.Release|Any CPU.ActiveCfg = Release|Any CPU
		{A18A0482-9918-4AB7-9991-E2909E98D1C3}.Release|Any CPU.Build.0 = Release|Any CPU
		{792EFC20-811C-44B3-9C93-C3BDE717AEC7}.Debug|Any CPU.ActiveCfg = Debug|Any CPU
		{792EFC20-811C-44B3-9C93-C3BDE717AEC7}.Debug|Any CPU.Build.0 = Debug|Any CPU
		{792EFC20-811C-44B3-9C93-C3BDE717AEC7}.Release|Any CPU.ActiveCfg = Release|Any CPU
		{792EFC20-811C-44B3-9C93-C3BDE717AEC7}.Release|Any CPU.Build.0 = Release|Any CPU
		{8958B567-7955-4714-B3A8-BCFB43B0A588}.Debug|Any CPU.ActiveCfg = Debug|Any CPU
		{8958B567-7955-4714-B3A8-BCFB43B0A588}.Debug|Any CPU.Build.0 = Debug|Any CPU
		{8958B567-7955-4714-B3A8-BCFB43B0A588}.Release|Any CPU.ActiveCfg = Release|Any CPU
		{8958B567-7955-4714-B3A8-BCFB43B0A588}.Release|Any CPU.Build.0 = Release|Any CPU
		{FD78101C-A600-4962-B425-5BA86AB3DD41}.Debug|Any CPU.ActiveCfg = Debug|Any CPU
		{FD78101C-A600-4962-B425-5BA86AB3DD41}.Debug|Any CPU.Build.0 = Debug|Any CPU
		{FD78101C-A600-4962-B425-5BA86AB3DD41}.Release|Any CPU.ActiveCfg = Release|Any CPU
		{FD78101C-A600-4962-B425-5BA86AB3DD41}.Release|Any CPU.Build.0 = Release|Any CPU
	EndGlobalSection
	GlobalSection(SolutionProperties) = preSolution
		HideSolutionNode = FALSE
	EndGlobalSection
EndGlobal
