
Microsoft Visual Studio Solution File, Format Version 12.00
# Visual Studio 2013
VisualStudioVersion = 12.0.21005.1
MinimumVisualStudioVersion = 10.0.40219.1
Project("{FAE04EC0-301F-11D3-BF4B-00C04F79EFBC}") = "Sitecore.FakeDb", "Sitecore.FakeDb\Sitecore.FakeDb.csproj", "{B1B3C599-9284-4653-9F22-FD0F726984BB}"
EndProject
Project("{FAE04EC0-301F-11D3-BF4B-00C04F79EFBC}") = "Sitecore.FakeDb.Tests", "Sitecore.FakeDb.Tests\Sitecore.FakeDb.Tests.csproj", "{D7EE44EE-1306-4EB6-9514-471905AAA493}"
EndProject
Global
	GlobalSection(SolutionConfigurationPlatforms) = preSolution
		Debug|Any CPU = Debug|Any CPU
		Release|Any CPU = Release|Any CPU
	EndGlobalSection
	GlobalSection(ProjectConfigurationPlatforms) = postSolution
		{B1B3C599-9284-4653-9F22-FD0F726984BB}.Debug|Any CPU.ActiveCfg = Debug|Any CPU
		{B1B3C599-9284-4653-9F22-FD0F726984BB}.Debug|Any CPU.Build.0 = Debug|Any CPU
		{B1B3C599-9284-4653-9F22-FD0F726984BB}.Release|Any CPU.ActiveCfg = Release|Any CPU
		{B1B3C599-9284-4653-9F22-FD0F726984BB}.Release|Any CPU.Build.0 = Release|Any CPU
		{D7EE44EE-1306-4EB6-9514-471905AAA493}.Debug|Any CPU.ActiveCfg = Debug|Any CPU
		{D7EE44EE-1306-4EB6-9514-471905AAA493}.Debug|Any CPU.Build.0 = Debug|Any CPU
		{D7EE44EE-1306-4EB6-9514-471905AAA493}.Release|Any CPU.ActiveCfg = Release|Any CPU
		{D7EE44EE-1306-4EB6-9514-471905AAA493}.Release|Any CPU.Build.0 = Release|Any CPU
	EndGlobalSection
	GlobalSection(SolutionProperties) = preSolution
		HideSolutionNode = FALSE
	EndGlobalSection
EndGlobal
